
Microsoft Visual Studio Solution File, Format Version 12.00
# Visual Studio 15
VisualStudioVersion = 15.0.26730.12
MinimumVisualStudioVersion = 10.0.40219.1
Project("{FAE04EC0-301F-11D3-BF4B-00C04F79EFBC}") = "teine", "teine\teine.csproj", "{1D5BEB46-8E99-4F12-A2F3-F090862A4E32}"
EndProject
Global
	GlobalSection(SolutionConfigurationPlatforms) = preSolution
		Debug|Any CPU = Debug|Any CPU
		Release|Any CPU = Release|Any CPU
	EndGlobalSection
	GlobalSection(ProjectConfigurationPlatforms) = postSolution
		{1D5BEB46-8E99-4F12-A2F3-F090862A4E32}.Debug|Any CPU.ActiveCfg = Debug|Any CPU
		{1D5BEB46-8E99-4F12-A2F3-F090862A4E32}.Debug|Any CPU.Build.0 = Debug|Any CPU
		{1D5BEB46-8E99-4F12-A2F3-F090862A4E32}.Debug|Any CPU.Deploy.0 = Debug|Any CPU
		{1D5BEB46-8E99-4F12-A2F3-F090862A4E32}.Release|Any CPU.ActiveCfg = Release|Any CPU
		{1D5BEB46-8E99-4F12-A2F3-F090862A4E32}.Release|Any CPU.Build.0 = Release|Any CPU
		{1D5BEB46-8E99-4F12-A2F3-F090862A4E32}.Release|Any CPU.Deploy.0 = Release|Any CPU
	EndGlobalSection
	GlobalSection(SolutionProperties) = preSolution
		HideSolutionNode = FALSE
	EndGlobalSection
	GlobalSection(ExtensibilityGlobals) = postSolution
		SolutionGuid = {1F606000-1962-48D6-9287-0ADFA54D39CD}
	EndGlobalSection
EndGlobal
